
Microsoft Visual Studio Solution File, Format Version 12.00
# Visual Studio 15
Project("{FAE04EC0-301F-11D3-BF4B-00C04F79EFBC}") = "Assembly-CSharp", "Assembly-CSharp.csproj", "{B44F0BD3-2B02-89C9-99DB-C1E77DEB2C30}"
EndProject
Global
	GlobalSection(SolutionConfigurationPlatforms) = preSolution
		Debug|Any CPU = Debug|Any CPU
		Release|Any CPU = Release|Any CPU
	EndGlobalSection
	GlobalSection(ProjectConfigurationPlatforms) = postSolution
		{B44F0BD3-2B02-89C9-99DB-C1E77DEB2C30}.Debug|Any CPU.ActiveCfg = Debug|Any CPU
		{B44F0BD3-2B02-89C9-99DB-C1E77DEB2C30}.Debug|Any CPU.Build.0 = Debug|Any CPU
		{B44F0BD3-2B02-89C9-99DB-C1E77DEB2C30}.Release|Any CPU.ActiveCfg = Release|Any CPU
		{B44F0BD3-2B02-89C9-99DB-C1E77DEB2C30}.Release|Any CPU.Build.0 = Release|Any CPU
	EndGlobalSection
	GlobalSection(SolutionProperties) = preSolution
		HideSolutionNode = FALSE
	EndGlobalSection
EndGlobal
